
Microsoft Visual Studio Solution File, Format Version 12.00
# Visual Studio Version 17
VisualStudioVersion = 17.8.34330.188
MinimumVisualStudioVersion = 10.0.40219.1
Project("{9A19103F-16F7-4668-BE54-9A1E7A4F7556}") = "RestSharpAPIAutomationDemo", "RestSharpAPIAutomationDemo.csproj", "{FD199292-2056-4EC3-9A4D-EC5CD9ED3A5D}"
EndProject
Global
	GlobalSection(SolutionConfigurationPlatforms) = preSolution
		Debug|Any CPU = Debug|Any CPU
		Release|Any CPU = Release|Any CPU
	EndGlobalSection
	GlobalSection(ProjectConfigurationPlatforms) = postSolution
		{FD199292-2056-4EC3-9A4D-EC5CD9ED3A5D}.Debug|Any CPU.ActiveCfg = Debug|Any CPU
		{FD199292-2056-4EC3-9A4D-EC5CD9ED3A5D}.Debug|Any CPU.Build.0 = Debug|Any CPU
		{FD199292-2056-4EC3-9A4D-EC5CD9ED3A5D}.Release|Any CPU.ActiveCfg = Release|Any CPU
		{FD199292-2056-4EC3-9A4D-EC5CD9ED3A5D}.Release|Any CPU.Build.0 = Release|Any CPU
	EndGlobalSection
	GlobalSection(SolutionProperties) = preSolution
		HideSolutionNode = FALSE
	EndGlobalSection
	GlobalSection(ExtensibilityGlobals) = postSolution
		SolutionGuid = {4976DB78-0FB7-440A-B1AC-D66917304162}
	EndGlobalSection
EndGlobal
